{
  "name": "jianshu",
  "version": "1.0.0",
  "lockfileVersion": 1,
  "requires": true,
  "dependencies": {
    "@babel/runtime": {
      "version": "7.16.7",
      "resolved": "https://registry.npmjs.org/@babel/runtime/-/runtime-7.16.7.tgz",
      "integrity": "sha512-9E9FJowqAsytyOY6LG+1KuueckRL+aQW+mKvXRXnuFGyRAyepJPmEo9vgMfXUA6O9u3IeEdv9MAkppFcaQwogQ==",
      "requires": {
        "regenerator-runtime": "^0.13.4"
      },
      "dependencies": {
        "regenerator-runtime": {
          "version": "0.13.9",
          "resolved": "https://registry.npmjs.org/regenerator-runtime/-/regenerator-runtime-0.13.9.tgz",
          "integrity": "sha512-p3VT+cOEgxFsRRA9X4lkI1E+k2/CtnKtU4gcxyaCUreilL/vqI6CdZ3wxVUx3UOUg+gnUOQQcRI7BmSI656MYA=="
        }
      }
    },
    "animate.css": {
      "version": "3.7.2",
      "resolved": "https://registry.npmjs.org/animate.css/-/animate.css-3.7.2.tgz",
      "integrity": "sha512-0bE8zYo7C0KvgOYrSVfrzkbYk6IOTVPNqkiHg2cbyF4Pq/PXzilz4BRWA3hwEUBoMp5VBgrC29lQIZyhRWdBTw=="
    },
    "assign-symbols": {
      "version": "1.0.0",
      "resolved": "https://registry.npmjs.org/assign-symbols/-/assign-symbols-1.0.0.tgz",
      "integrity": "sha1-WWZ/QfrdTyDMvCu5a41Pf3jsA2c="
    },
    "axios": {
      "version": "0.16.2",
      "resolved": "https://registry.npmjs.org/axios/-/axios-0.16.2.tgz",
      "integrity": "sha1-uk+S8XFn37q0CYN4VFS5rBScPG0="
    },
    "babel-eslint": {
      "version": "7.2.3",
      "resolved": "https://registry.npmjs.org/babel-eslint/-/babel-eslint-7.2.3.tgz",
      "integrity": "sha1-sv4tgBJkcPXBlELcdXJTqJdxCCc=",
      "dev": true
    },
    "backpack-core": {
      "version": "0.4.3",
      "resolved": "https://registry.npmjs.org/backpack-core/-/backpack-core-0.4.3.tgz",
      "integrity": "sha512-pO3eaw4LrYUGSkd/We4YJN6hbkZQKIQzRw685/A5tRGTwYSXYZYP/B9JBnoqk2hWKW7edus+ZDALGdw/gsXFqQ==",
      "dev": true
    },
    "bootstrap": {
      "version": "4.0.0-beta.2",
      "resolved": "https://registry.npmjs.org/bootstrap/-/bootstrap-4.0.0-beta.2.tgz",
      "integrity": "sha512-DzGtdTlKbrMoGMpz0LigKSqJ+MgtFKxA791PU/q062OlRG0HybNZcTLH7rpDAmLS66Y3esN9yzKHLLbqa5UR3w=="
    },
    "bootstrap-vue": {
      "version": "1.5.1",
      "resolved": "https://registry.npmjs.org/bootstrap-vue/-/bootstrap-vue-1.5.1.tgz",
      "integrity": "sha512-bkob7vTHA5VZN6U0Wj34Yj+6jNtqAtc6MwcsLdBz78fcy8Ju5tlYUYMDUefQ0rQH7hhdtFDn9GuDiqhUPmE1sA==",
      "requires": {
        "lodash.startcase": "^4.4.0",
        "opencollective": "^1.0.3",
        "popper.js": "^1.12.9",
        "vue-functional-data-merge": "^2.0.3"
      }
    },
    "cross-env": {
      "version": "5.1.3",
      "resolved": "https://registry.npmjs.org/cross-env/-/cross-env-5.1.3.tgz",
      "integrity": "sha512-UOokgwvDzCT0mqRSLEkJzUhYXB1vK3E5UgDrD41QiXsm9UetcW2rCGHYz/O3p873lMJ1VZbFCF9Izkwh7nYR5A=="
    },
    "css": {
      "version": "3.0.0",
      "resolved": "https://registry.npmjs.org/css/-/css-3.0.0.tgz",
      "integrity": "sha512-DG9pFfwOrzc+hawpmqX/dHYHJG+Bsdb0klhyi1sDneOgGOXy9wQIC8hzyVp1e4NRYDBdxcylvywPkkXCHAzTyQ==",
      "requires": {
        "inherits": "^2.0.4",
        "source-map": "^0.6.1",
        "source-map-resolve": "^0.6.0"
      },
      "dependencies": {
        "atob": {
          "version": "2.1.2",
          "resolved": "https://registry.npmjs.org/atob/-/atob-2.1.2.tgz",
          "integrity": "sha512-Wm6ukoaOGJi/73p/cl2GvLjTI5JM1k/O14isD73YML8StrH/7/lRFgmg8nICZgD3bZZvjwCGxtMOD3wWNAu8cg=="
        },
        "inherits": {
          "version": "2.0.4",
          "resolved": "https://registry.npmjs.org/inherits/-/inherits-2.0.4.tgz",
          "integrity": "sha512-k/vGaX4/Yla3WzyMCvTQOXYeIHvqOKtnqBduzTHpzpQZzAskKMhZ2K+EnBiSM9zGSoIFeMpXKxa4dYeZIQqewQ=="
        },
        "source-map-resolve": {
          "version": "0.6.0",
          "resolved": "https://registry.npmjs.org/source-map-resolve/-/source-map-resolve-0.6.0.tgz",
          "integrity": "sha512-KXBr9d/fO/bWo97NXsPIAW1bFSBOuCnjbNTBMO7N59hsv5i9yzRDfcYwwt0l04+VqnKC+EwzvJZIP/qkuMgR/w==",
          "requires": {
            "atob": "^2.1.2",
            "decode-uri-component": "^0.2.0"
          }
        }
      }
    },
    "decode-uri-component": {
      "version": "0.2.0",
      "resolved": "https://registry.npmjs.org/decode-uri-component/-/decode-uri-component-0.2.0.tgz",
      "integrity": "sha1-6zkTMzRYd1y4TNGh+uBiEGu4dUU="
    },
    "eslint": {
      "version": "4.16.0",
      "resolved": "https://registry.npmjs.org/eslint/-/eslint-4.16.0.tgz",
      "integrity": "sha512-YVXV4bDhNoHHcv0qzU4Meof7/P26B4EuaktMi5L1Tnt52Aov85KmYA8c5D+xyZr/BkhvwUqr011jDSD/QTULxg==",
      "dev": true,
      "dependencies": {
        "ansi-regex": {
          "version": "3.0.0",
          "resolved": "https://registry.npmjs.org/ansi-regex/-/ansi-regex-3.0.0.tgz",
          "integrity": "sha1-7QMXwyIGT3lGbAKWa922Bas32Zg="
        },
        "esprima": {
          "version": "4.0.0",
          "resolved": "https://registry.npmjs.org/esprima/-/esprima-4.0.0.tgz",
          "integrity": "sha512-oftTcaMu/EGrEIu904mWteKIv8vMuOgGYo7EhVJJN00R/EED9DCua/xxHRdYnKtcECzVg7xOWhflvJMnqcFZjw=="
        },
        "globals": {
          "version": "11.1.0",
          "resolved": "https://registry.npmjs.org/globals/-/globals-11.1.0.tgz",
          "integrity": "sha512-uEuWt9mqTlPDwSqi+sHjD4nWU/1N+q0fiWI9T1mZpD2UENqX20CFD5T/ziLZvztPaBKl7ZylUi1q6Qfm7E2CiQ=="
        },
        "js-yaml": {
          "version": "3.10.0",
          "resolved": "https://registry.npmjs.org/js-yaml/-/js-yaml-3.10.0.tgz",
          "integrity": "sha512-O2v52ffjLa9VeM43J4XocZE//WT9N0IiwDa3KSHH7Tu8CtH+1qM8SIZvnsTh6v+4yFy5KUY3BHUVwjpfAWsjIA=="
        },
        "progress": {
          "version": "2.0.0",
          "resolved": "https://registry.npmjs.org/progress/-/progress-2.0.0.tgz",
          "integrity": "sha1-ihvjZr+Pwj2yvSPxDG/pILQ4nR8="
        },
        "strip-ansi": {
          "version": "4.0.0",
          "resolved": "https://registry.npmjs.org/strip-ansi/-/strip-ansi-4.0.0.tgz",
          "integrity": "sha1-qEeQIusaw2iocTibY1JixQXuNo8="
        }
      }
    },
    "eslint-config-standard": {
      "version": "10.2.1",
      "resolved": "https://registry.npmjs.org/eslint-config-standard/-/eslint-config-standard-10.2.1.tgz",
      "integrity": "sha1-wGHk0GbzedwXzVYsZOgZtN1FRZE=",
      "dev": true
    },
    "eslint-loader": {
      "version": "1.9.0",
      "resolved": "https://registry.npmjs.org/eslint-loader/-/eslint-loader-1.9.0.tgz",
      "integrity": "sha512-40aN976qSNPyb9ejTqjEthZITpls1SVKtwguahmH1dzGCwQU/vySE+xX33VZmD8csU0ahVNCtFlsPgKqRBiqgg==",
      "dev": true
    },
    "eslint-plugin-html": {
      "version": "3.2.2",
      "resolved": "https://registry.npmjs.org/eslint-plugin-html/-/eslint-plugin-html-3.2.2.tgz",
      "integrity": "sha512-sSuafathF6ImPrzF2vUKEJY6Llq06d/riMTMzlsruDRDhNsQMYp2viUKo+jx+JRr1QevskeUpQcuptp2gN1XVQ==",
      "dev": true,
      "dependencies": {
        "domhandler": {
          "version": "2.4.1",
          "resolved": "https://registry.npmjs.org/domhandler/-/domhandler-2.4.1.tgz",
          "integrity": "sha1-iS5HAAqZvlW783dP/qBWHYh5wlk="
        },
        "htmlparser2": {
          "version": "3.9.2",
          "resolved": "https://registry.npmjs.org/htmlparser2/-/htmlparser2-3.9.2.tgz",
          "integrity": "sha1-G9+HrMoPP55T+k/M6w9LTLsAszg="
        }
      }
    },
    "eslint-plugin-import": {
      "version": "2.8.0",
      "resolved": "https://registry.npmjs.org/eslint-plugin-import/-/eslint-plugin-import-2.8.0.tgz",
      "integrity": "sha512-Rf7dfKJxZ16QuTgVv1OYNxkZcsu/hULFnC+e+w0Gzi6jMC3guQoWQgxYxc54IDRinlb6/0v5z/PxxIKmVctN+g==",
      "dev": true,
      "dependencies": {
        "debug": {
          "version": "2.6.9",
          "resolved": "https://registry.npmjs.org/debug/-/debug-2.6.9.tgz",
          "integrity": "sha512-bC7ElrdJaJnPbAP+1EotYvqZsb3ecl5wi6Bfi6BJTUcNowp6cvspg0jXznRTKDjm/E7AdgFBVeAPVMNcKGsHMA=="
        },
        "doctrine": {
          "version": "1.5.0",
          "resolved": "https://registry.npmjs.org/doctrine/-/doctrine-1.5.0.tgz",
          "integrity": "sha1-N53Ocw9hZvds76TmcHoVmwLFpvo="
        }
      }
    },
    "eslint-plugin-node": {
      "version": "5.2.1",
      "resolved": "https://registry.npmjs.org/eslint-plugin-node/-/eslint-plugin-node-5.2.1.tgz",
      "integrity": "sha512-xhPXrh0Vl/b7870uEbaumb2Q+LxaEcOQ3kS1jtIXanBAwpMre1l5q/l2l/hESYJGEFKuI78bp6Uw50hlpr7B+g==",
      "dev": true,
      "dependencies": {
        "semver": {
          "version": "5.3.0",
          "resolved": "https://registry.npmjs.org/semver/-/semver-5.3.0.tgz",
          "integrity": "sha1-myzl094C0XxgEq0yaqa00M9U+U8="
        }
      }
    },
    "eslint-plugin-promise": {
      "version": "3.6.0",
      "resolved": "https://registry.npmjs.org/eslint-plugin-promise/-/eslint-plugin-promise-3.6.0.tgz",
      "integrity": "sha512-YQzM6TLTlApAr7Li8vWKR+K3WghjwKcYzY0d2roWap4SLK+kzuagJX/leTetIDWsFcTFnKNJXWupDCD6aZkP2Q==",
      "dev": true
    },
    "eslint-plugin-standard": {
      "version": "3.0.1",
      "resolved": "https://registry.npmjs.org/eslint-plugin-standard/-/eslint-plugin-standard-3.0.1.tgz",
      "integrity": "sha1-NNDJFbRe3G8BA5PH7vOCOwhWXPI=",
      "dev": true
    },
    "express": {
      "version": "4.16.2",
      "resolved": "https://registry.npmjs.org/express/-/express-4.16.2.tgz",
      "integrity": "sha1-41xt/i1kt9ygpc1PIXgb4ymeB2w=",
      "dependencies": {
        "debug": {
          "version": "2.6.9",
          "resolved": "https://registry.npmjs.org/debug/-/debug-2.6.9.tgz",
          "integrity": "sha512-bC7ElrdJaJnPbAP+1EotYvqZsb3ecl5wi6Bfi6BJTUcNowp6cvspg0jXznRTKDjm/E7AdgFBVeAPVMNcKGsHMA=="
        }
      }
    },
    "fs.realpath": {
      "version": "1.0.0",
      "resolved": "https://registry.npmjs.org/fs.realpath/-/fs.realpath-1.0.0.tgz",
      "integrity": "sha1-FQStJSMVjKpA20onh8sBQRmU6k8="
    },
    "inflight": {
      "version": "1.0.6",
      "resolved": "https://registry.npmjs.org/inflight/-/inflight-1.0.6.tgz",
      "integrity": "sha1-Sb1jMdfQLQwJvJEKEHW6gWW1bfk="
    },
    "inherits": {
      "version": "2.0.3",
      "resolved": "https://registry.npmjs.org/inherits/-/inherits-2.0.3.tgz",
      "integrity": "sha1-Yzwsg+PaQqUC9SRmAiSA9CCCYd4="
    },
    "lodash.startcase": {
      "version": "4.4.0",
      "resolved": "https://registry.npmjs.org/lodash.startcase/-/lodash.startcase-4.4.0.tgz",
      "integrity": "sha1-lDbjTtJgk+1/+uGTYUQ1CRXZrdg="
    },
    "minimatch": {
      "version": "3.0.4",
      "resolved": "https://registry.npmjs.org/minimatch/-/minimatch-3.0.4.tgz",
      "integrity": "sha512-yJHVQEhyqPLUTgt9B83PXu6W3rx4MvvHvSUvToogpwoGDOUQ+yDrR0HRot+yOCdCO7u4hX3pWft6kWBBcqh0UA=="
    },
    "normalize": {
      "version": "0.3.1",
      "resolved": "https://registry.npmjs.org/normalize/-/normalize-0.3.1.tgz",
      "integrity": "sha1-XfSj/hbALmH7Mf8vtEigf0pAhKY=",
      "requires": {
        "stylus": "*"
      }
    },
    "nuxt": {
      "version": "1.1.1",
      "resolved": "https://registry.npmjs.org/nuxt/-/nuxt-1.1.1.tgz",
      "integrity": "sha512-9/LEBNRhkMpsBT95cM/HnXXmCM/AYW68q+zUnzAVwm5tYVP2H8f+F8SMeQcbMVgyH1EvDS+gtWxh4+hh7iqRNA=="
    },
    "once": {
      "version": "1.4.0",
      "resolved": "https://registry.npmjs.org/once/-/once-1.4.0.tgz",
      "integrity": "sha1-WDsap3WWHUsROsF9nFC6753Xa9E="
    },
    "opencollective": {
      "version": "1.0.3",
      "resolved": "https://registry.npmjs.org/opencollective/-/opencollective-1.0.3.tgz",
      "integrity": "sha1-ruY3K8KBRFg2kMPKja7PwSDdDvE=",
      "dependencies": {
        "ansi-styles": {
          "version": "2.2.1",
          "resolved": "https://registry.npmjs.org/ansi-styles/-/ansi-styles-2.2.1.tgz",
          "integrity": "sha1-tDLdM1i2NM914eRmQ2gkBTPB3b4="
        },
        "chalk": {
          "version": "1.1.3",
          "resolved": "https://registry.npmjs.org/chalk/-/chalk-1.1.3.tgz",
          "integrity": "sha1-qBFcVeSnAv5NFQq9OHKCKn4J/Jg="
        },
        "supports-color": {
          "version": "2.0.0",
          "resolved": "https://registry.npmjs.org/supports-color/-/supports-color-2.0.0.tgz",
          "integrity": "sha1-U10EXOa2Nj+kARcIRimZXp3zJMc="
        }
      }
    },
    "path-is-absolute": {
      "version": "1.0.1",
      "resolved": "https://registry.npmjs.org/path-is-absolute/-/path-is-absolute-1.0.1.tgz",
      "integrity": "sha1-F0uSaHNVNP+8es5r9TpanhtcX18="
    },
    "popper.js": {
      "version": "1.16.1",
      "resolved": "https://registry.npmjs.org/popper.js/-/popper.js-1.16.1.tgz",
      "integrity": "sha512-Wb4p1J4zyFTbM+u6WuO4XstYx4Ky9Cewe4DWrel7B0w6VVICvPwdOpotjzcf6eD8TsckVnIMNONQyPIUFOUbCQ=="
    },
    "safer-buffer": {
      "version": "2.1.2",
      "resolved": "https://registry.npmjs.org/safer-buffer/-/safer-buffer-2.1.2.tgz",
      "integrity": "sha512-YZo3K82SD7Riyi0E1EQPojLz7kpepnSQI9IyPbHHg1XXXevb5dJI7tpyN2ADxGcQbHG7vcyRHk0cbwqcQriUtg=="
    },
    "sax": {
      "version": "1.2.4",
      "resolved": "https://registry.npmjs.org/sax/-/sax-1.2.4.tgz",
      "integrity": "sha512-NqVDv9TpANUjFm0N8uM5GxL36UgKi9/atZw+x7YFnQ8ckwFGKrl4xX4yWtrey3UJm5nP1kUbnYgLopqWNSRhWw=="
    },
    "source-map": {
      "version": "0.6.1",
      "resolved": "https://registry.npmjs.org/source-map/-/source-map-0.6.1.tgz",
      "integrity": "sha512-UjgapumWlbMhkBgzT7Ykc5YXUT46F0iKu8SGXq0bcwP5dz/h0Plj6enJqjz1Zbq2l5WaqYnrVbwWOWMyF3F47g=="
    },
    "source-map-support": {
      "version": "0.4.18",
      "resolved": "https://registry.npmjs.org/source-map-support/-/source-map-support-0.4.18.tgz",
      "integrity": "sha512-try0/JqxPLF9nOjvSta7tVondkP5dwgyLDjVoyMDlmjugT2lRZ1OfsrYTkCd2hkDnJTKRbO/Rl3orm8vlsUzbA==",
      "dependencies": {
        "source-map": {
          "version": "0.5.7",
          "resolved": "https://registry.npmjs.org/source-map/-/source-map-0.5.7.tgz",
          "integrity": "sha1-igOdLRAh0i0eoUyA2OpGi6LvP8w="
        }
      }
    },
    "stylus": {
      "version": "0.56.0",
      "resolved": "https://registry.npmjs.org/stylus/-/stylus-0.56.0.tgz",
      "integrity": "sha512-Ev3fOb4bUElwWu4F9P9WjnnaSpc8XB9OFHSFZSKMFL1CE1oM+oFXWEgAqPmmZIyhBihuqIQlFsVTypiiS9RxeA==",
      "requires": {
        "css": "^3.0.0",
        "debug": "^4.3.2",
        "glob": "^7.1.6",
        "safer-buffer": "^2.1.2",
        "sax": "~1.2.4",
        "source-map": "^0.7.3"
      },
      "dependencies": {
        "debug": {
          "version": "4.3.3",
          "resolved": "https://registry.npmjs.org/debug/-/debug-4.3.3.tgz",
          "integrity": "sha512-/zxw5+vh1Tfv+4Qn7a5nsbcJKPaSvCDhojn6FEl9vupwK2VCSDtEiEtqr8DFtzYFOdz63LBkxec7DYuc2jon6Q==",
          "requires": {
            "ms": "2.1.2"
          }
        },
        "glob": {
          "version": "7.2.0",
          "resolved": "https://registry.npmjs.org/glob/-/glob-7.2.0.tgz",
          "integrity": "sha512-lmLf6gtyrPq8tTjSmrO94wBeQbFR3HbLHbuyD69wuyQkImp2hWqMGB47OX65FBkPffO641IP9jWa1z4ivqG26Q==",
          "requires": {
            "fs.realpath": "^1.0.0",
            "inflight": "^1.0.4",
            "inherits": "2",
            "minimatch": "^3.0.4",
            "once": "^1.3.0",
            "path-is-absolute": "^1.0.0"
          }
        },
        "ms": {
          "version": "2.1.2",
          "resolved": "https://registry.npmjs.org/ms/-/ms-2.1.2.tgz",
          "integrity": "sha512-sGkPx+VjMtmA6MX27oA4FBFELFCZZ4S4XqeGOXCv68tT+jb3vk/RyaKWP0PTKyWtmLSM0b+adUTEvbs1PEaH2w=="
        },
        "source-map": {
          "version": "0.7.3",
          "resolved": "https://registry.npmjs.org/source-map/-/source-map-0.7.3.tgz",
          "integrity": "sha512-CkCj6giN3S+n9qrYiBTX5gystlENnRW5jZeNLHpe6aue+SrHcG5VYwujhW9s4dY31mEGsxBDrHR6oI69fTXsaQ=="
        }
      }
    },
    "v-tooltip": {
      "version": "2.1.3",
      "resolved": "https://registry.npmjs.org/v-tooltip/-/v-tooltip-2.1.3.tgz",
      "integrity": "sha512-xXngyxLQTOx/yUEy50thb8te7Qo4XU6h4LZB6cvEfVd9mnysUxLEoYwGWDdqR+l69liKsy3IPkdYff3J1gAJ5w==",
      "requires": {
        "@babel/runtime": "^7.13.10",
        "lodash": "^4.17.21",
        "popper.js": "^1.16.1",
        "vue-resize": "^1.0.1"
      },
      "dependencies": {
        "lodash": {
          "version": "4.17.21",
          "resolved": "https://registry.npmjs.org/lodash/-/lodash-4.17.21.tgz",
          "integrity": "sha512-v2kDEe57lecTulaDIuNTPy3Ry4gLGJ6Z1O3vE1krgXZNrsQ+LFTGHVxVjcXPs17LhbZVGedAJv8XZ1tvj5FvSg=="
        }
      }
    },
    "vue-awesome-swiper": {
      "version": "3.1.2",
      "resolved": "https://registry.npmjs.org/vue-awesome-swiper/-/vue-awesome-swiper-3.1.2.tgz",
      "integrity": "sha512-A0ZrKo0JM0jltb4bz33l3pOKfaIMJiKI+74OzeCc7rQi6gYCoZQsAc3wn1iT64VlkwqtmiN9a1s5dEUoxcbwSg=="
    },
    "vue-functional-data-merge": {
      "version": "2.0.7",
      "resolved": "https://registry.npmjs.org/vue-functional-data-merge/-/vue-functional-data-merge-2.0.7.tgz",
      "integrity": "sha512-pvLc+H+x2prwBj/uSEIITyxjz/7ZUVVK8uYbrYMmhDvMXnzh9OvQvVEwcOSBQjsubd4Eq41/CSJaWzy4hemMNQ=="
    },
    "vue-resize": {
      "version": "1.0.1",
      "resolved": "https://registry.npmjs.org/vue-resize/-/vue-resize-1.0.1.tgz",
      "integrity": "sha512-z5M7lJs0QluJnaoMFTIeGx6dIkYxOwHThlZDeQnWZBizKblb99GSejPnK37ZbNE/rVwDcYcHY+Io+AxdpY952w==",
      "requires": {
        "@babel/runtime": "^7.13.10"
      }
    }
  }
}
